
Microsoft Visual Studio Solution File, Format Version 12.00
# Visual Studio Version 16
VisualStudioVersion = 16.0.30711.63
MinimumVisualStudioVersion = 10.0.40219.1
Project("{9A19103F-16F7-4668-BE54-9A1E7A4F7556}") = "TwitterToWebhook", "TwitterToWebhook\TwitterToWebhook.csproj", "{90361609-188D-4059-B109-A90980FD7FD3}"
EndProject
Global
	GlobalSection(SolutionConfigurationPlatforms) = preSolution
		Debug|Any CPU = Debug|Any CPU
		Release|Any CPU = Release|Any CPU
	EndGlobalSection
	GlobalSection(ProjectConfigurationPlatforms) = postSolution
		{90361609-188D-4059-B109-A90980FD7FD3}.Debug|Any CPU.ActiveCfg = Debug|Any CPU
		{90361609-188D-4059-B109-A90980FD7FD3}.Debug|Any CPU.Build.0 = Debug|Any CPU
		{90361609-188D-4059-B109-A90980FD7FD3}.Release|Any CPU.ActiveCfg = Release|Any CPU
		{90361609-188D-4059-B109-A90980FD7FD3}.Release|Any CPU.Build.0 = Release|Any CPU
	EndGlobalSection
	GlobalSection(SolutionProperties) = preSolution
		HideSolutionNode = FALSE
	EndGlobalSection
	GlobalSection(ExtensibilityGlobals) = postSolution
		SolutionGuid = {09511E56-C7E9-4573-8E56-32FB15277F6A}
	EndGlobalSection
EndGlobal
